<Solution>
  <Folder Name="/Tests/">
    <Project Path="Tests/FirstWidget/FirstWidget.csproj" />
    <Project Path="Tests/HelloWorld/HelloWorld.csproj" />
    <Project Path="Tests/Bindings/Bindings.csproj" />
    <Project Path="Tests/Builder/Builder.csproj" />
    <Project Path="Tests/Progress/Progress.csproj" />
    <Project Path="Tests/ProgressSubclass/ProgressSubclass.csproj" />
    <Project Path="Tests/Actions/Actions.csproj" />
    <Project Path="Tests/Icons/Icons.csproj" />
    <Project Path="Tests/HelloWebView/HelloWebView.csproj" />
    <Project Path="Tests/WebViewFromTemplate/WebViewFromTemplate.csproj" />
  </Folder>
  <Project Path="Gtk4DotNet/Gtk4DotNet.csproj" />
</Solution>
