
Microsoft Visual Studio Solution File, Format Version 12.00
# Visual Studio 15
VisualStudioVersion = 15.0.26124.0
MinimumVisualStudioVersion = 15.0.26124.0
Project("{FAE04EC0-301F-11D3-BF4B-00C04F79EFBC}") = "Tutorial", "Tutorial\Tutorial.csproj", "{E9FAFD2C-36E7-44AB-9595-AFF73FCFC1DB}"
EndProject
Project("{FAE04EC0-301F-11D3-BF4B-00C04F79EFBC}") = "Gtk4DotNet", "Gtk4DotNet\Gtk4DotNet.csproj", "{480E5BFA-73A8-4DB5-9A67-EAD2019E09F4}"
EndProject
Project("{F2A71F9B-5D33-465A-A702-920D77279786}") = "TutorialFs", "TutorialFs\TutorialFs.fsproj", "{6DA28CEE-7F56-4002-A9A7-4503918376D4}"
EndProject
Project("{FAE04EC0-301F-11D3-BF4B-00C04F79EFBC}") = "ExampleApplication1", "ExampleApplication1\ExampleApplication1.csproj", "{92079B44-B520-45DA-8B60-EC030FCF4389}"
EndProject
Project("{FAE04EC0-301F-11D3-BF4B-00C04F79EFBC}") = "ExampleApplication2", "ExampleApplication2\ExampleApplication2.csproj", "{4145CF30-3773-412F-A187-0D48B00CF8E8}"
EndProject
Project("{FAE04EC0-301F-11D3-BF4B-00C04F79EFBC}") = "ExampleApplication3", "ExampleApplication3\ExampleApplication3.csproj", "{991917C6-64BE-4FAE-BF89-B572FD9A54D1}"
EndProject
Project("{FAE04EC0-301F-11D3-BF4B-00C04F79EFBC}") = "ExampleApplication4", "ExampleApplication4\ExampleApplication4.csproj", "{B22E8946-E603-4D80-9870-3DA91B9065BC}"
EndProject
Project("{FAE04EC0-301F-11D3-BF4B-00C04F79EFBC}") = "ExampleApplication5", "ExampleApplication5\ExampleApplication5.csproj", "{1DD68361-E7EE-4E31-952E-612EB39FE34F}"
EndProject
Project("{FAE04EC0-301F-11D3-BF4B-00C04F79EFBC}") = "ExampleApplication6", "ExampleApplication6\ExampleApplication6.csproj", "{7ADBECC5-7237-4D76-81C2-9B05C9CB814F}"
EndProject
Project("{FAE04EC0-301F-11D3-BF4B-00C04F79EFBC}") = "ExampleApplication7", "ExampleApplication7\ExampleApplication7.csproj", "{766D67FA-1ADE-4273-9F65-B6D03D659F71}"
EndProject
Project("{FAE04EC0-301F-11D3-BF4B-00C04F79EFBC}") = "Threading", "Threading\Threading.csproj", "{BEC3B484-AAE1-43F7-904F-9A2CB7B6F28D}"
EndProject
Project("{FAE04EC0-301F-11D3-BF4B-00C04F79EFBC}") = "Css", "Css\Css.csproj", "{6C6A1A9E-A848-4BBD-B03A-2A87E10BDBCC}"
EndProject
Project("{FAE04EC0-301F-11D3-BF4B-00C04F79EFBC}") = "ListView", "ListView\ListView.csproj", "{A42298A1-4E70-40EA-9C01-B5F83459A9DB}"
EndProject
Project("{FAE04EC0-301F-11D3-BF4B-00C04F79EFBC}") = "ColumnView", "ColumnView\ColumnView.csproj", "{F56E8E61-30D1-4104-B464-59587210B00C}"
EndProject
Project("{FAE04EC0-301F-11D3-BF4B-00C04F79EFBC}") = "1-First", "1-First\1-First.csproj", "{7F157C4A-1BAB-46B4-8BBF-A6FD3C56856B}"
EndProject
Project("{FAE04EC0-301F-11D3-BF4B-00C04F79EFBC}") = "2-HelloWorld", "2-HelloWorld\2-HelloWorld.csproj", "{CB574DE5-7A67-4D7E-B725-7F9A939577F5}"
EndProject
Project("{FAE04EC0-301F-11D3-BF4B-00C04F79EFBC}") = "3-PackingButtons", "3-PackingButtons\3-PackingButtons.csproj", "{4C035C42-1B8C-4163-9E66-FB33AEF12ADF}"
EndProject
Project("{FAE04EC0-301F-11D3-BF4B-00C04F79EFBC}") = "4-Drawing", "4-Drawing\4-Drawing.csproj", "{4CF720BC-96FF-4057-97FB-396F617CCB92}"
EndProject
Project("{FAE04EC0-301F-11D3-BF4B-00C04F79EFBC}") = "5-Builder", "5-Builder\5-Builder.csproj", "{461F90D4-7A60-4ADE-BD43-4BCD4BC47226}"
EndProject
Project("{FAE04EC0-301F-11D3-BF4B-00C04F79EFBC}") = "FileSystem", "FileSystem\FileSystem.csproj", "{D3AB6DB8-0464-4F77-A9A4-C04EF7061F19}"
EndProject
Project("{FAE04EC0-301F-11D3-BF4B-00C04F79EFBC}") = "CleanupTest", "CleanupTest\CleanupTest.csproj", "{728E2E5D-840B-4690-8765-E7466B6D3292}"
EndProject
Project("{FAE04EC0-301F-11D3-BF4B-00C04F79EFBC}") = "EventControllerKey", "EventControllerKey\EventControllerKey.csproj", "{EEB484EA-9BF3-455A-A59D-AB84342A1D15}"
EndProject
Project("{FAE04EC0-301F-11D3-BF4B-00C04F79EFBC}") = "SelectionFiltering", "SelectionFiltering\SelectionFiltering.csproj", "{A47FB09A-8968-4B63-849B-3EE61A9C69EA}"
EndProject
Project("{FAE04EC0-301F-11D3-BF4B-00C04F79EFBC}") = "6-WebView", "6-WebView\6-WebView.csproj", "{5D6DD5E1-EF4A-4D7D-AD1E-9BEC2775B86B}"
EndProject
Project("{FAE04EC0-301F-11D3-BF4B-00C04F79EFBC}") = "WebWindowLinuxTester", "WebWindowLinuxTester\WebWindowLinuxTester.csproj", "{52A64E3D-8593-4930-909A-8B8076DA8046}"
EndProject
Project("{FAE04EC0-301F-11D3-BF4B-00C04F79EFBC}") = "7-NonGtkApp", "7-NonGtkApp\7-NonGtkApp.csproj", "{5A84B8A3-3AB8-4FD7-8C28-B94700B3DF81}"
EndProject
Project("{FAE04EC0-301F-11D3-BF4B-00C04F79EFBC}") = "8-PixBuf", "8-PixBuf\8-PixBuf.csproj", "{36FB8333-8090-4507-91EA-D9981E35A3B6}"
EndProject
Global
	GlobalSection(SolutionConfigurationPlatforms) = preSolution
		Debug|Any CPU = Debug|Any CPU
		Debug|x64 = Debug|x64
		Debug|x86 = Debug|x86
		Release|Any CPU = Release|Any CPU
		Release|x64 = Release|x64
		Release|x86 = Release|x86
	EndGlobalSection
	GlobalSection(SolutionProperties) = preSolution
		HideSolutionNode = FALSE
	EndGlobalSection
	GlobalSection(ProjectConfigurationPlatforms) = postSolution
		{E9FAFD2C-36E7-44AB-9595-AFF73FCFC1DB}.Debug|Any CPU.ActiveCfg = Debug|Any CPU
		{E9FAFD2C-36E7-44AB-9595-AFF73FCFC1DB}.Debug|Any CPU.Build.0 = Debug|Any CPU
		{E9FAFD2C-36E7-44AB-9595-AFF73FCFC1DB}.Debug|x64.ActiveCfg = Debug|Any CPU
		{E9FAFD2C-36E7-44AB-9595-AFF73FCFC1DB}.Debug|x64.Build.0 = Debug|Any CPU
		{E9FAFD2C-36E7-44AB-9595-AFF73FCFC1DB}.Debug|x86.ActiveCfg = Debug|Any CPU
		{E9FAFD2C-36E7-44AB-9595-AFF73FCFC1DB}.Debug|x86.Build.0 = Debug|Any CPU
		{E9FAFD2C-36E7-44AB-9595-AFF73FCFC1DB}.Release|Any CPU.ActiveCfg = Release|Any CPU
		{E9FAFD2C-36E7-44AB-9595-AFF73FCFC1DB}.Release|Any CPU.Build.0 = Release|Any CPU
		{E9FAFD2C-36E7-44AB-9595-AFF73FCFC1DB}.Release|x64.ActiveCfg = Release|Any CPU
		{E9FAFD2C-36E7-44AB-9595-AFF73FCFC1DB}.Release|x64.Build.0 = Release|Any CPU
		{E9FAFD2C-36E7-44AB-9595-AFF73FCFC1DB}.Release|x86.ActiveCfg = Release|Any CPU
		{E9FAFD2C-36E7-44AB-9595-AFF73FCFC1DB}.Release|x86.Build.0 = Release|Any CPU
		{480E5BFA-73A8-4DB5-9A67-EAD2019E09F4}.Debug|Any CPU.ActiveCfg = Debug|Any CPU
		{480E5BFA-73A8-4DB5-9A67-EAD2019E09F4}.Debug|Any CPU.Build.0 = Debug|Any CPU
		{480E5BFA-73A8-4DB5-9A67-EAD2019E09F4}.Debug|x64.ActiveCfg = Debug|Any CPU
		{480E5BFA-73A8-4DB5-9A67-EAD2019E09F4}.Debug|x64.Build.0 = Debug|Any CPU
		{480E5BFA-73A8-4DB5-9A67-EAD2019E09F4}.Debug|x86.ActiveCfg = Debug|Any CPU
		{480E5BFA-73A8-4DB5-9A67-EAD2019E09F4}.Debug|x86.Build.0 = Debug|Any CPU
		{480E5BFA-73A8-4DB5-9A67-EAD2019E09F4}.Release|Any CPU.ActiveCfg = Release|Any CPU
		{480E5BFA-73A8-4DB5-9A67-EAD2019E09F4}.Release|Any CPU.Build.0 = Release|Any CPU
		{480E5BFA-73A8-4DB5-9A67-EAD2019E09F4}.Release|x64.ActiveCfg = Release|Any CPU
		{480E5BFA-73A8-4DB5-9A67-EAD2019E09F4}.Release|x64.Build.0 = Release|Any CPU
		{480E5BFA-73A8-4DB5-9A67-EAD2019E09F4}.Release|x86.ActiveCfg = Release|Any CPU
		{480E5BFA-73A8-4DB5-9A67-EAD2019E09F4}.Release|x86.Build.0 = Release|Any CPU
		{6DA28CEE-7F56-4002-A9A7-4503918376D4}.Debug|Any CPU.ActiveCfg = Debug|Any CPU
		{6DA28CEE-7F56-4002-A9A7-4503918376D4}.Debug|Any CPU.Build.0 = Debug|Any CPU
		{6DA28CEE-7F56-4002-A9A7-4503918376D4}.Debug|x64.ActiveCfg = Debug|Any CPU
		{6DA28CEE-7F56-4002-A9A7-4503918376D4}.Debug|x64.Build.0 = Debug|Any CPU
		{6DA28CEE-7F56-4002-A9A7-4503918376D4}.Debug|x86.ActiveCfg = Debug|Any CPU
		{6DA28CEE-7F56-4002-A9A7-4503918376D4}.Debug|x86.Build.0 = Debug|Any CPU
		{6DA28CEE-7F56-4002-A9A7-4503918376D4}.Release|Any CPU.ActiveCfg = Release|Any CPU
		{6DA28CEE-7F56-4002-A9A7-4503918376D4}.Release|Any CPU.Build.0 = Release|Any CPU
		{6DA28CEE-7F56-4002-A9A7-4503918376D4}.Release|x64.ActiveCfg = Release|Any CPU
		{6DA28CEE-7F56-4002-A9A7-4503918376D4}.Release|x64.Build.0 = Release|Any CPU
		{6DA28CEE-7F56-4002-A9A7-4503918376D4}.Release|x86.ActiveCfg = Release|Any CPU
		{6DA28CEE-7F56-4002-A9A7-4503918376D4}.Release|x86.Build.0 = Release|Any CPU
		{92079B44-B520-45DA-8B60-EC030FCF4389}.Debug|Any CPU.ActiveCfg = Debug|Any CPU
		{92079B44-B520-45DA-8B60-EC030FCF4389}.Debug|Any CPU.Build.0 = Debug|Any CPU
		{92079B44-B520-45DA-8B60-EC030FCF4389}.Debug|x64.ActiveCfg = Debug|Any CPU
		{92079B44-B520-45DA-8B60-EC030FCF4389}.Debug|x64.Build.0 = Debug|Any CPU
		{92079B44-B520-45DA-8B60-EC030FCF4389}.Debug|x86.ActiveCfg = Debug|Any CPU
		{92079B44-B520-45DA-8B60-EC030FCF4389}.Debug|x86.Build.0 = Debug|Any CPU
		{92079B44-B520-45DA-8B60-EC030FCF4389}.Release|Any CPU.ActiveCfg = Release|Any CPU
		{92079B44-B520-45DA-8B60-EC030FCF4389}.Release|Any CPU.Build.0 = Release|Any CPU
		{92079B44-B520-45DA-8B60-EC030FCF4389}.Release|x64.ActiveCfg = Release|Any CPU
		{92079B44-B520-45DA-8B60-EC030FCF4389}.Release|x64.Build.0 = Release|Any CPU
		{92079B44-B520-45DA-8B60-EC030FCF4389}.Release|x86.ActiveCfg = Release|Any CPU
		{92079B44-B520-45DA-8B60-EC030FCF4389}.Release|x86.Build.0 = Release|Any CPU
		{4145CF30-3773-412F-A187-0D48B00CF8E8}.Debug|Any CPU.ActiveCfg = Debug|Any CPU
		{4145CF30-3773-412F-A187-0D48B00CF8E8}.Debug|Any CPU.Build.0 = Debug|Any CPU
		{4145CF30-3773-412F-A187-0D48B00CF8E8}.Debug|x64.ActiveCfg = Debug|Any CPU
		{4145CF30-3773-412F-A187-0D48B00CF8E8}.Debug|x64.Build.0 = Debug|Any CPU
		{4145CF30-3773-412F-A187-0D48B00CF8E8}.Debug|x86.ActiveCfg = Debug|Any CPU
		{4145CF30-3773-412F-A187-0D48B00CF8E8}.Debug|x86.Build.0 = Debug|Any CPU
		{4145CF30-3773-412F-A187-0D48B00CF8E8}.Release|Any CPU.ActiveCfg = Release|Any CPU
		{4145CF30-3773-412F-A187-0D48B00CF8E8}.Release|Any CPU.Build.0 = Release|Any CPU
		{4145CF30-3773-412F-A187-0D48B00CF8E8}.Release|x64.ActiveCfg = Release|Any CPU
		{4145CF30-3773-412F-A187-0D48B00CF8E8}.Release|x64.Build.0 = Release|Any CPU
		{4145CF30-3773-412F-A187-0D48B00CF8E8}.Release|x86.ActiveCfg = Release|Any CPU
		{4145CF30-3773-412F-A187-0D48B00CF8E8}.Release|x86.Build.0 = Release|Any CPU
		{991917C6-64BE-4FAE-BF89-B572FD9A54D1}.Debug|Any CPU.ActiveCfg = Debug|Any CPU
		{991917C6-64BE-4FAE-BF89-B572FD9A54D1}.Debug|Any CPU.Build.0 = Debug|Any CPU
		{991917C6-64BE-4FAE-BF89-B572FD9A54D1}.Debug|x64.ActiveCfg = Debug|Any CPU
		{991917C6-64BE-4FAE-BF89-B572FD9A54D1}.Debug|x64.Build.0 = Debug|Any CPU
		{991917C6-64BE-4FAE-BF89-B572FD9A54D1}.Debug|x86.ActiveCfg = Debug|Any CPU
		{991917C6-64BE-4FAE-BF89-B572FD9A54D1}.Debug|x86.Build.0 = Debug|Any CPU
		{991917C6-64BE-4FAE-BF89-B572FD9A54D1}.Release|Any CPU.ActiveCfg = Release|Any CPU
		{991917C6-64BE-4FAE-BF89-B572FD9A54D1}.Release|Any CPU.Build.0 = Release|Any CPU
		{991917C6-64BE-4FAE-BF89-B572FD9A54D1}.Release|x64.ActiveCfg = Release|Any CPU
		{991917C6-64BE-4FAE-BF89-B572FD9A54D1}.Release|x64.Build.0 = Release|Any CPU
		{991917C6-64BE-4FAE-BF89-B572FD9A54D1}.Release|x86.ActiveCfg = Release|Any CPU
		{991917C6-64BE-4FAE-BF89-B572FD9A54D1}.Release|x86.Build.0 = Release|Any CPU
		{B22E8946-E603-4D80-9870-3DA91B9065BC}.Debug|Any CPU.ActiveCfg = Debug|Any CPU
		{B22E8946-E603-4D80-9870-3DA91B9065BC}.Debug|Any CPU.Build.0 = Debug|Any CPU
		{B22E8946-E603-4D80-9870-3DA91B9065BC}.Debug|x64.ActiveCfg = Debug|Any CPU
		{B22E8946-E603-4D80-9870-3DA91B9065BC}.Debug|x64.Build.0 = Debug|Any CPU
		{B22E8946-E603-4D80-9870-3DA91B9065BC}.Debug|x86.ActiveCfg = Debug|Any CPU
		{B22E8946-E603-4D80-9870-3DA91B9065BC}.Debug|x86.Build.0 = Debug|Any CPU
		{B22E8946-E603-4D80-9870-3DA91B9065BC}.Release|Any CPU.ActiveCfg = Release|Any CPU
		{B22E8946-E603-4D80-9870-3DA91B9065BC}.Release|Any CPU.Build.0 = Release|Any CPU
		{B22E8946-E603-4D80-9870-3DA91B9065BC}.Release|x64.ActiveCfg = Release|Any CPU
		{B22E8946-E603-4D80-9870-3DA91B9065BC}.Release|x64.Build.0 = Release|Any CPU
		{B22E8946-E603-4D80-9870-3DA91B9065BC}.Release|x86.ActiveCfg = Release|Any CPU
		{B22E8946-E603-4D80-9870-3DA91B9065BC}.Release|x86.Build.0 = Release|Any CPU
		{1DD68361-E7EE-4E31-952E-612EB39FE34F}.Debug|Any CPU.ActiveCfg = Debug|Any CPU
		{1DD68361-E7EE-4E31-952E-612EB39FE34F}.Debug|Any CPU.Build.0 = Debug|Any CPU
		{1DD68361-E7EE-4E31-952E-612EB39FE34F}.Debug|x64.ActiveCfg = Debug|Any CPU
		{1DD68361-E7EE-4E31-952E-612EB39FE34F}.Debug|x64.Build.0 = Debug|Any CPU
		{1DD68361-E7EE-4E31-952E-612EB39FE34F}.Debug|x86.ActiveCfg = Debug|Any CPU
		{1DD68361-E7EE-4E31-952E-612EB39FE34F}.Debug|x86.Build.0 = Debug|Any CPU
		{1DD68361-E7EE-4E31-952E-612EB39FE34F}.Release|Any CPU.ActiveCfg = Release|Any CPU
		{1DD68361-E7EE-4E31-952E-612EB39FE34F}.Release|Any CPU.Build.0 = Release|Any CPU
		{1DD68361-E7EE-4E31-952E-612EB39FE34F}.Release|x64.ActiveCfg = Release|Any CPU
		{1DD68361-E7EE-4E31-952E-612EB39FE34F}.Release|x64.Build.0 = Release|Any CPU
		{1DD68361-E7EE-4E31-952E-612EB39FE34F}.Release|x86.ActiveCfg = Release|Any CPU
		{1DD68361-E7EE-4E31-952E-612EB39FE34F}.Release|x86.Build.0 = Release|Any CPU
		{7ADBECC5-7237-4D76-81C2-9B05C9CB814F}.Debug|Any CPU.ActiveCfg = Debug|Any CPU
		{7ADBECC5-7237-4D76-81C2-9B05C9CB814F}.Debug|Any CPU.Build.0 = Debug|Any CPU
		{7ADBECC5-7237-4D76-81C2-9B05C9CB814F}.Debug|x64.ActiveCfg = Debug|Any CPU
		{7ADBECC5-7237-4D76-81C2-9B05C9CB814F}.Debug|x64.Build.0 = Debug|Any CPU
		{7ADBECC5-7237-4D76-81C2-9B05C9CB814F}.Debug|x86.ActiveCfg = Debug|Any CPU
		{7ADBECC5-7237-4D76-81C2-9B05C9CB814F}.Debug|x86.Build.0 = Debug|Any CPU
		{7ADBECC5-7237-4D76-81C2-9B05C9CB814F}.Release|Any CPU.ActiveCfg = Release|Any CPU
		{7ADBECC5-7237-4D76-81C2-9B05C9CB814F}.Release|Any CPU.Build.0 = Release|Any CPU
		{7ADBECC5-7237-4D76-81C2-9B05C9CB814F}.Release|x64.ActiveCfg = Release|Any CPU
		{7ADBECC5-7237-4D76-81C2-9B05C9CB814F}.Release|x64.Build.0 = Release|Any CPU
		{7ADBECC5-7237-4D76-81C2-9B05C9CB814F}.Release|x86.ActiveCfg = Release|Any CPU
		{7ADBECC5-7237-4D76-81C2-9B05C9CB814F}.Release|x86.Build.0 = Release|Any CPU
		{766D67FA-1ADE-4273-9F65-B6D03D659F71}.Debug|Any CPU.ActiveCfg = Debug|Any CPU
		{766D67FA-1ADE-4273-9F65-B6D03D659F71}.Debug|Any CPU.Build.0 = Debug|Any CPU
		{766D67FA-1ADE-4273-9F65-B6D03D659F71}.Debug|x64.ActiveCfg = Debug|Any CPU
		{766D67FA-1ADE-4273-9F65-B6D03D659F71}.Debug|x64.Build.0 = Debug|Any CPU
		{766D67FA-1ADE-4273-9F65-B6D03D659F71}.Debug|x86.ActiveCfg = Debug|Any CPU
		{766D67FA-1ADE-4273-9F65-B6D03D659F71}.Debug|x86.Build.0 = Debug|Any CPU
		{766D67FA-1ADE-4273-9F65-B6D03D659F71}.Release|Any CPU.ActiveCfg = Release|Any CPU
		{766D67FA-1ADE-4273-9F65-B6D03D659F71}.Release|Any CPU.Build.0 = Release|Any CPU
		{766D67FA-1ADE-4273-9F65-B6D03D659F71}.Release|x64.ActiveCfg = Release|Any CPU
		{766D67FA-1ADE-4273-9F65-B6D03D659F71}.Release|x64.Build.0 = Release|Any CPU
		{766D67FA-1ADE-4273-9F65-B6D03D659F71}.Release|x86.ActiveCfg = Release|Any CPU
		{766D67FA-1ADE-4273-9F65-B6D03D659F71}.Release|x86.Build.0 = Release|Any CPU
		{BEC3B484-AAE1-43F7-904F-9A2CB7B6F28D}.Debug|Any CPU.ActiveCfg = Debug|Any CPU
		{BEC3B484-AAE1-43F7-904F-9A2CB7B6F28D}.Debug|Any CPU.Build.0 = Debug|Any CPU
		{BEC3B484-AAE1-43F7-904F-9A2CB7B6F28D}.Debug|x64.ActiveCfg = Debug|Any CPU
		{BEC3B484-AAE1-43F7-904F-9A2CB7B6F28D}.Debug|x64.Build.0 = Debug|Any CPU
		{BEC3B484-AAE1-43F7-904F-9A2CB7B6F28D}.Debug|x86.ActiveCfg = Debug|Any CPU
		{BEC3B484-AAE1-43F7-904F-9A2CB7B6F28D}.Debug|x86.Build.0 = Debug|Any CPU
		{BEC3B484-AAE1-43F7-904F-9A2CB7B6F28D}.Release|Any CPU.ActiveCfg = Release|Any CPU
		{BEC3B484-AAE1-43F7-904F-9A2CB7B6F28D}.Release|Any CPU.Build.0 = Release|Any CPU
		{BEC3B484-AAE1-43F7-904F-9A2CB7B6F28D}.Release|x64.ActiveCfg = Release|Any CPU
		{BEC3B484-AAE1-43F7-904F-9A2CB7B6F28D}.Release|x64.Build.0 = Release|Any CPU
		{BEC3B484-AAE1-43F7-904F-9A2CB7B6F28D}.Release|x86.ActiveCfg = Release|Any CPU
		{BEC3B484-AAE1-43F7-904F-9A2CB7B6F28D}.Release|x86.Build.0 = Release|Any CPU
		{6C6A1A9E-A848-4BBD-B03A-2A87E10BDBCC}.Debug|Any CPU.ActiveCfg = Debug|Any CPU
		{6C6A1A9E-A848-4BBD-B03A-2A87E10BDBCC}.Debug|Any CPU.Build.0 = Debug|Any CPU
		{6C6A1A9E-A848-4BBD-B03A-2A87E10BDBCC}.Debug|x64.ActiveCfg = Debug|Any CPU
		{6C6A1A9E-A848-4BBD-B03A-2A87E10BDBCC}.Debug|x64.Build.0 = Debug|Any CPU
		{6C6A1A9E-A848-4BBD-B03A-2A87E10BDBCC}.Debug|x86.ActiveCfg = Debug|Any CPU
		{6C6A1A9E-A848-4BBD-B03A-2A87E10BDBCC}.Debug|x86.Build.0 = Debug|Any CPU
		{6C6A1A9E-A848-4BBD-B03A-2A87E10BDBCC}.Release|Any CPU.ActiveCfg = Release|Any CPU
		{6C6A1A9E-A848-4BBD-B03A-2A87E10BDBCC}.Release|Any CPU.Build.0 = Release|Any CPU
		{6C6A1A9E-A848-4BBD-B03A-2A87E10BDBCC}.Release|x64.ActiveCfg = Release|Any CPU
		{6C6A1A9E-A848-4BBD-B03A-2A87E10BDBCC}.Release|x64.Build.0 = Release|Any CPU
		{6C6A1A9E-A848-4BBD-B03A-2A87E10BDBCC}.Release|x86.ActiveCfg = Release|Any CPU
		{6C6A1A9E-A848-4BBD-B03A-2A87E10BDBCC}.Release|x86.Build.0 = Release|Any CPU
		{A42298A1-4E70-40EA-9C01-B5F83459A9DB}.Debug|Any CPU.ActiveCfg = Debug|Any CPU
		{A42298A1-4E70-40EA-9C01-B5F83459A9DB}.Debug|Any CPU.Build.0 = Debug|Any CPU
		{A42298A1-4E70-40EA-9C01-B5F83459A9DB}.Debug|x64.ActiveCfg = Debug|Any CPU
		{A42298A1-4E70-40EA-9C01-B5F83459A9DB}.Debug|x64.Build.0 = Debug|Any CPU
		{A42298A1-4E70-40EA-9C01-B5F83459A9DB}.Debug|x86.ActiveCfg = Debug|Any CPU
		{A42298A1-4E70-40EA-9C01-B5F83459A9DB}.Debug|x86.Build.0 = Debug|Any CPU
		{A42298A1-4E70-40EA-9C01-B5F83459A9DB}.Release|Any CPU.ActiveCfg = Release|Any CPU
		{A42298A1-4E70-40EA-9C01-B5F83459A9DB}.Release|Any CPU.Build.0 = Release|Any CPU
		{A42298A1-4E70-40EA-9C01-B5F83459A9DB}.Release|x64.ActiveCfg = Release|Any CPU
		{A42298A1-4E70-40EA-9C01-B5F83459A9DB}.Release|x64.Build.0 = Release|Any CPU
		{A42298A1-4E70-40EA-9C01-B5F83459A9DB}.Release|x86.ActiveCfg = Release|Any CPU
		{A42298A1-4E70-40EA-9C01-B5F83459A9DB}.Release|x86.Build.0 = Release|Any CPU
		{F56E8E61-30D1-4104-B464-59587210B00C}.Debug|Any CPU.ActiveCfg = Debug|Any CPU
		{F56E8E61-30D1-4104-B464-59587210B00C}.Debug|Any CPU.Build.0 = Debug|Any CPU
		{F56E8E61-30D1-4104-B464-59587210B00C}.Debug|x64.ActiveCfg = Debug|Any CPU
		{F56E8E61-30D1-4104-B464-59587210B00C}.Debug|x64.Build.0 = Debug|Any CPU
		{F56E8E61-30D1-4104-B464-59587210B00C}.Debug|x86.ActiveCfg = Debug|Any CPU
		{F56E8E61-30D1-4104-B464-59587210B00C}.Debug|x86.Build.0 = Debug|Any CPU
		{F56E8E61-30D1-4104-B464-59587210B00C}.Release|Any CPU.ActiveCfg = Release|Any CPU
		{F56E8E61-30D1-4104-B464-59587210B00C}.Release|Any CPU.Build.0 = Release|Any CPU
		{F56E8E61-30D1-4104-B464-59587210B00C}.Release|x64.ActiveCfg = Release|Any CPU
		{F56E8E61-30D1-4104-B464-59587210B00C}.Release|x64.Build.0 = Release|Any CPU
		{F56E8E61-30D1-4104-B464-59587210B00C}.Release|x86.ActiveCfg = Release|Any CPU
		{F56E8E61-30D1-4104-B464-59587210B00C}.Release|x86.Build.0 = Release|Any CPU
		{7F157C4A-1BAB-46B4-8BBF-A6FD3C56856B}.Debug|Any CPU.ActiveCfg = Debug|Any CPU
		{7F157C4A-1BAB-46B4-8BBF-A6FD3C56856B}.Debug|Any CPU.Build.0 = Debug|Any CPU
		{7F157C4A-1BAB-46B4-8BBF-A6FD3C56856B}.Debug|x64.ActiveCfg = Debug|Any CPU
		{7F157C4A-1BAB-46B4-8BBF-A6FD3C56856B}.Debug|x64.Build.0 = Debug|Any CPU
		{7F157C4A-1BAB-46B4-8BBF-A6FD3C56856B}.Debug|x86.ActiveCfg = Debug|Any CPU
		{7F157C4A-1BAB-46B4-8BBF-A6FD3C56856B}.Debug|x86.Build.0 = Debug|Any CPU
		{7F157C4A-1BAB-46B4-8BBF-A6FD3C56856B}.Release|Any CPU.ActiveCfg = Release|Any CPU
		{7F157C4A-1BAB-46B4-8BBF-A6FD3C56856B}.Release|Any CPU.Build.0 = Release|Any CPU
		{7F157C4A-1BAB-46B4-8BBF-A6FD3C56856B}.Release|x64.ActiveCfg = Release|Any CPU
		{7F157C4A-1BAB-46B4-8BBF-A6FD3C56856B}.Release|x64.Build.0 = Release|Any CPU
		{7F157C4A-1BAB-46B4-8BBF-A6FD3C56856B}.Release|x86.ActiveCfg = Release|Any CPU
		{7F157C4A-1BAB-46B4-8BBF-A6FD3C56856B}.Release|x86.Build.0 = Release|Any CPU
		{CB574DE5-7A67-4D7E-B725-7F9A939577F5}.Debug|Any CPU.ActiveCfg = Debug|Any CPU
		{CB574DE5-7A67-4D7E-B725-7F9A939577F5}.Debug|Any CPU.Build.0 = Debug|Any CPU
		{CB574DE5-7A67-4D7E-B725-7F9A939577F5}.Debug|x64.ActiveCfg = Debug|Any CPU
		{CB574DE5-7A67-4D7E-B725-7F9A939577F5}.Debug|x64.Build.0 = Debug|Any CPU
		{CB574DE5-7A67-4D7E-B725-7F9A939577F5}.Debug|x86.ActiveCfg = Debug|Any CPU
		{CB574DE5-7A67-4D7E-B725-7F9A939577F5}.Debug|x86.Build.0 = Debug|Any CPU
		{CB574DE5-7A67-4D7E-B725-7F9A939577F5}.Release|Any CPU.ActiveCfg = Release|Any CPU
		{CB574DE5-7A67-4D7E-B725-7F9A939577F5}.Release|Any CPU.Build.0 = Release|Any CPU
		{CB574DE5-7A67-4D7E-B725-7F9A939577F5}.Release|x64.ActiveCfg = Release|Any CPU
		{CB574DE5-7A67-4D7E-B725-7F9A939577F5}.Release|x64.Build.0 = Release|Any CPU
		{CB574DE5-7A67-4D7E-B725-7F9A939577F5}.Release|x86.ActiveCfg = Release|Any CPU
		{CB574DE5-7A67-4D7E-B725-7F9A939577F5}.Release|x86.Build.0 = Release|Any CPU
		{4C035C42-1B8C-4163-9E66-FB33AEF12ADF}.Debug|Any CPU.ActiveCfg = Debug|Any CPU
		{4C035C42-1B8C-4163-9E66-FB33AEF12ADF}.Debug|Any CPU.Build.0 = Debug|Any CPU
		{4C035C42-1B8C-4163-9E66-FB33AEF12ADF}.Debug|x64.ActiveCfg = Debug|Any CPU
		{4C035C42-1B8C-4163-9E66-FB33AEF12ADF}.Debug|x64.Build.0 = Debug|Any CPU
		{4C035C42-1B8C-4163-9E66-FB33AEF12ADF}.Debug|x86.ActiveCfg = Debug|Any CPU
		{4C035C42-1B8C-4163-9E66-FB33AEF12ADF}.Debug|x86.Build.0 = Debug|Any CPU
		{4C035C42-1B8C-4163-9E66-FB33AEF12ADF}.Release|Any CPU.ActiveCfg = Release|Any CPU
		{4C035C42-1B8C-4163-9E66-FB33AEF12ADF}.Release|Any CPU.Build.0 = Release|Any CPU
		{4C035C42-1B8C-4163-9E66-FB33AEF12ADF}.Release|x64.ActiveCfg = Release|Any CPU
		{4C035C42-1B8C-4163-9E66-FB33AEF12ADF}.Release|x64.Build.0 = Release|Any CPU
		{4C035C42-1B8C-4163-9E66-FB33AEF12ADF}.Release|x86.ActiveCfg = Release|Any CPU
		{4C035C42-1B8C-4163-9E66-FB33AEF12ADF}.Release|x86.Build.0 = Release|Any CPU
		{4CF720BC-96FF-4057-97FB-396F617CCB92}.Debug|Any CPU.ActiveCfg = Debug|Any CPU
		{4CF720BC-96FF-4057-97FB-396F617CCB92}.Debug|Any CPU.Build.0 = Debug|Any CPU
		{4CF720BC-96FF-4057-97FB-396F617CCB92}.Debug|x64.ActiveCfg = Debug|Any CPU
		{4CF720BC-96FF-4057-97FB-396F617CCB92}.Debug|x64.Build.0 = Debug|Any CPU
		{4CF720BC-96FF-4057-97FB-396F617CCB92}.Debug|x86.ActiveCfg = Debug|Any CPU
		{4CF720BC-96FF-4057-97FB-396F617CCB92}.Debug|x86.Build.0 = Debug|Any CPU
		{4CF720BC-96FF-4057-97FB-396F617CCB92}.Release|Any CPU.ActiveCfg = Release|Any CPU
		{4CF720BC-96FF-4057-97FB-396F617CCB92}.Release|Any CPU.Build.0 = Release|Any CPU
		{4CF720BC-96FF-4057-97FB-396F617CCB92}.Release|x64.ActiveCfg = Release|Any CPU
		{4CF720BC-96FF-4057-97FB-396F617CCB92}.Release|x64.Build.0 = Release|Any CPU
		{4CF720BC-96FF-4057-97FB-396F617CCB92}.Release|x86.ActiveCfg = Release|Any CPU
		{4CF720BC-96FF-4057-97FB-396F617CCB92}.Release|x86.Build.0 = Release|Any CPU
		{461F90D4-7A60-4ADE-BD43-4BCD4BC47226}.Debug|Any CPU.ActiveCfg = Debug|Any CPU
		{461F90D4-7A60-4ADE-BD43-4BCD4BC47226}.Debug|Any CPU.Build.0 = Debug|Any CPU
		{461F90D4-7A60-4ADE-BD43-4BCD4BC47226}.Debug|x64.ActiveCfg = Debug|Any CPU
		{461F90D4-7A60-4ADE-BD43-4BCD4BC47226}.Debug|x64.Build.0 = Debug|Any CPU
		{461F90D4-7A60-4ADE-BD43-4BCD4BC47226}.Debug|x86.ActiveCfg = Debug|Any CPU
		{461F90D4-7A60-4ADE-BD43-4BCD4BC47226}.Debug|x86.Build.0 = Debug|Any CPU
		{461F90D4-7A60-4ADE-BD43-4BCD4BC47226}.Release|Any CPU.ActiveCfg = Release|Any CPU
		{461F90D4-7A60-4ADE-BD43-4BCD4BC47226}.Release|Any CPU.Build.0 = Release|Any CPU
		{461F90D4-7A60-4ADE-BD43-4BCD4BC47226}.Release|x64.ActiveCfg = Release|Any CPU
		{461F90D4-7A60-4ADE-BD43-4BCD4BC47226}.Release|x64.Build.0 = Release|Any CPU
		{461F90D4-7A60-4ADE-BD43-4BCD4BC47226}.Release|x86.ActiveCfg = Release|Any CPU
		{461F90D4-7A60-4ADE-BD43-4BCD4BC47226}.Release|x86.Build.0 = Release|Any CPU
		{D3AB6DB8-0464-4F77-A9A4-C04EF7061F19}.Debug|Any CPU.ActiveCfg = Debug|Any CPU
		{D3AB6DB8-0464-4F77-A9A4-C04EF7061F19}.Debug|Any CPU.Build.0 = Debug|Any CPU
		{D3AB6DB8-0464-4F77-A9A4-C04EF7061F19}.Debug|x64.ActiveCfg = Debug|Any CPU
		{D3AB6DB8-0464-4F77-A9A4-C04EF7061F19}.Debug|x64.Build.0 = Debug|Any CPU
		{D3AB6DB8-0464-4F77-A9A4-C04EF7061F19}.Debug|x86.ActiveCfg = Debug|Any CPU
		{D3AB6DB8-0464-4F77-A9A4-C04EF7061F19}.Debug|x86.Build.0 = Debug|Any CPU
		{D3AB6DB8-0464-4F77-A9A4-C04EF7061F19}.Release|Any CPU.ActiveCfg = Release|Any CPU
		{D3AB6DB8-0464-4F77-A9A4-C04EF7061F19}.Release|Any CPU.Build.0 = Release|Any CPU
		{D3AB6DB8-0464-4F77-A9A4-C04EF7061F19}.Release|x64.ActiveCfg = Release|Any CPU
		{D3AB6DB8-0464-4F77-A9A4-C04EF7061F19}.Release|x64.Build.0 = Release|Any CPU
		{D3AB6DB8-0464-4F77-A9A4-C04EF7061F19}.Release|x86.ActiveCfg = Release|Any CPU
		{D3AB6DB8-0464-4F77-A9A4-C04EF7061F19}.Release|x86.Build.0 = Release|Any CPU
		{728E2E5D-840B-4690-8765-E7466B6D3292}.Debug|Any CPU.ActiveCfg = Debug|Any CPU
		{728E2E5D-840B-4690-8765-E7466B6D3292}.Debug|Any CPU.Build.0 = Debug|Any CPU
		{728E2E5D-840B-4690-8765-E7466B6D3292}.Debug|x64.ActiveCfg = Debug|Any CPU
		{728E2E5D-840B-4690-8765-E7466B6D3292}.Debug|x64.Build.0 = Debug|Any CPU
		{728E2E5D-840B-4690-8765-E7466B6D3292}.Debug|x86.ActiveCfg = Debug|Any CPU
		{728E2E5D-840B-4690-8765-E7466B6D3292}.Debug|x86.Build.0 = Debug|Any CPU
		{728E2E5D-840B-4690-8765-E7466B6D3292}.Release|Any CPU.ActiveCfg = Release|Any CPU
		{728E2E5D-840B-4690-8765-E7466B6D3292}.Release|Any CPU.Build.0 = Release|Any CPU
		{728E2E5D-840B-4690-8765-E7466B6D3292}.Release|x64.ActiveCfg = Release|Any CPU
		{728E2E5D-840B-4690-8765-E7466B6D3292}.Release|x64.Build.0 = Release|Any CPU
		{728E2E5D-840B-4690-8765-E7466B6D3292}.Release|x86.ActiveCfg = Release|Any CPU
		{728E2E5D-840B-4690-8765-E7466B6D3292}.Release|x86.Build.0 = Release|Any CPU
		{EEB484EA-9BF3-455A-A59D-AB84342A1D15}.Debug|Any CPU.ActiveCfg = Debug|Any CPU
		{EEB484EA-9BF3-455A-A59D-AB84342A1D15}.Debug|Any CPU.Build.0 = Debug|Any CPU
		{EEB484EA-9BF3-455A-A59D-AB84342A1D15}.Debug|x64.ActiveCfg = Debug|Any CPU
		{EEB484EA-9BF3-455A-A59D-AB84342A1D15}.Debug|x64.Build.0 = Debug|Any CPU
		{EEB484EA-9BF3-455A-A59D-AB84342A1D15}.Debug|x86.ActiveCfg = Debug|Any CPU
		{EEB484EA-9BF3-455A-A59D-AB84342A1D15}.Debug|x86.Build.0 = Debug|Any CPU
		{EEB484EA-9BF3-455A-A59D-AB84342A1D15}.Release|Any CPU.ActiveCfg = Release|Any CPU
		{EEB484EA-9BF3-455A-A59D-AB84342A1D15}.Release|Any CPU.Build.0 = Release|Any CPU
		{EEB484EA-9BF3-455A-A59D-AB84342A1D15}.Release|x64.ActiveCfg = Release|Any CPU
		{EEB484EA-9BF3-455A-A59D-AB84342A1D15}.Release|x64.Build.0 = Release|Any CPU
		{EEB484EA-9BF3-455A-A59D-AB84342A1D15}.Release|x86.ActiveCfg = Release|Any CPU
		{EEB484EA-9BF3-455A-A59D-AB84342A1D15}.Release|x86.Build.0 = Release|Any CPU
		{A47FB09A-8968-4B63-849B-3EE61A9C69EA}.Debug|Any CPU.ActiveCfg = Debug|Any CPU
		{A47FB09A-8968-4B63-849B-3EE61A9C69EA}.Debug|Any CPU.Build.0 = Debug|Any CPU
		{A47FB09A-8968-4B63-849B-3EE61A9C69EA}.Debug|x64.ActiveCfg = Debug|Any CPU
		{A47FB09A-8968-4B63-849B-3EE61A9C69EA}.Debug|x64.Build.0 = Debug|Any CPU
		{A47FB09A-8968-4B63-849B-3EE61A9C69EA}.Debug|x86.ActiveCfg = Debug|Any CPU
		{A47FB09A-8968-4B63-849B-3EE61A9C69EA}.Debug|x86.Build.0 = Debug|Any CPU
		{A47FB09A-8968-4B63-849B-3EE61A9C69EA}.Release|Any CPU.ActiveCfg = Release|Any CPU
		{A47FB09A-8968-4B63-849B-3EE61A9C69EA}.Release|Any CPU.Build.0 = Release|Any CPU
		{A47FB09A-8968-4B63-849B-3EE61A9C69EA}.Release|x64.ActiveCfg = Release|Any CPU
		{A47FB09A-8968-4B63-849B-3EE61A9C69EA}.Release|x64.Build.0 = Release|Any CPU
		{A47FB09A-8968-4B63-849B-3EE61A9C69EA}.Release|x86.ActiveCfg = Release|Any CPU
		{A47FB09A-8968-4B63-849B-3EE61A9C69EA}.Release|x86.Build.0 = Release|Any CPU
		{5D6DD5E1-EF4A-4D7D-AD1E-9BEC2775B86B}.Debug|Any CPU.ActiveCfg = Debug|Any CPU
		{5D6DD5E1-EF4A-4D7D-AD1E-9BEC2775B86B}.Debug|Any CPU.Build.0 = Debug|Any CPU
		{5D6DD5E1-EF4A-4D7D-AD1E-9BEC2775B86B}.Debug|x64.ActiveCfg = Debug|Any CPU
		{5D6DD5E1-EF4A-4D7D-AD1E-9BEC2775B86B}.Debug|x64.Build.0 = Debug|Any CPU
		{5D6DD5E1-EF4A-4D7D-AD1E-9BEC2775B86B}.Debug|x86.ActiveCfg = Debug|Any CPU
		{5D6DD5E1-EF4A-4D7D-AD1E-9BEC2775B86B}.Debug|x86.Build.0 = Debug|Any CPU
		{5D6DD5E1-EF4A-4D7D-AD1E-9BEC2775B86B}.Release|Any CPU.ActiveCfg = Release|Any CPU
		{5D6DD5E1-EF4A-4D7D-AD1E-9BEC2775B86B}.Release|Any CPU.Build.0 = Release|Any CPU
		{5D6DD5E1-EF4A-4D7D-AD1E-9BEC2775B86B}.Release|x64.ActiveCfg = Release|Any CPU
		{5D6DD5E1-EF4A-4D7D-AD1E-9BEC2775B86B}.Release|x64.Build.0 = Release|Any CPU
		{5D6DD5E1-EF4A-4D7D-AD1E-9BEC2775B86B}.Release|x86.ActiveCfg = Release|Any CPU
		{5D6DD5E1-EF4A-4D7D-AD1E-9BEC2775B86B}.Release|x86.Build.0 = Release|Any CPU
		{52A64E3D-8593-4930-909A-8B8076DA8046}.Debug|Any CPU.ActiveCfg = Debug|Any CPU
		{52A64E3D-8593-4930-909A-8B8076DA8046}.Debug|Any CPU.Build.0 = Debug|Any CPU
		{52A64E3D-8593-4930-909A-8B8076DA8046}.Debug|x64.ActiveCfg = Debug|Any CPU
		{52A64E3D-8593-4930-909A-8B8076DA8046}.Debug|x64.Build.0 = Debug|Any CPU
		{52A64E3D-8593-4930-909A-8B8076DA8046}.Debug|x86.ActiveCfg = Debug|Any CPU
		{52A64E3D-8593-4930-909A-8B8076DA8046}.Debug|x86.Build.0 = Debug|Any CPU
		{52A64E3D-8593-4930-909A-8B8076DA8046}.Release|Any CPU.ActiveCfg = Release|Any CPU
		{52A64E3D-8593-4930-909A-8B8076DA8046}.Release|Any CPU.Build.0 = Release|Any CPU
		{52A64E3D-8593-4930-909A-8B8076DA8046}.Release|x64.ActiveCfg = Release|Any CPU
		{52A64E3D-8593-4930-909A-8B8076DA8046}.Release|x64.Build.0 = Release|Any CPU
		{52A64E3D-8593-4930-909A-8B8076DA8046}.Release|x86.ActiveCfg = Release|Any CPU
		{52A64E3D-8593-4930-909A-8B8076DA8046}.Release|x86.Build.0 = Release|Any CPU
		{5A84B8A3-3AB8-4FD7-8C28-B94700B3DF81}.Debug|Any CPU.ActiveCfg = Debug|Any CPU
		{5A84B8A3-3AB8-4FD7-8C28-B94700B3DF81}.Debug|Any CPU.Build.0 = Debug|Any CPU
		{5A84B8A3-3AB8-4FD7-8C28-B94700B3DF81}.Debug|x64.ActiveCfg = Debug|Any CPU
		{5A84B8A3-3AB8-4FD7-8C28-B94700B3DF81}.Debug|x64.Build.0 = Debug|Any CPU
		{5A84B8A3-3AB8-4FD7-8C28-B94700B3DF81}.Debug|x86.ActiveCfg = Debug|Any CPU
		{5A84B8A3-3AB8-4FD7-8C28-B94700B3DF81}.Debug|x86.Build.0 = Debug|Any CPU
		{5A84B8A3-3AB8-4FD7-8C28-B94700B3DF81}.Release|Any CPU.ActiveCfg = Release|Any CPU
		{5A84B8A3-3AB8-4FD7-8C28-B94700B3DF81}.Release|Any CPU.Build.0 = Release|Any CPU
		{5A84B8A3-3AB8-4FD7-8C28-B94700B3DF81}.Release|x64.ActiveCfg = Release|Any CPU
		{5A84B8A3-3AB8-4FD7-8C28-B94700B3DF81}.Release|x64.Build.0 = Release|Any CPU
		{5A84B8A3-3AB8-4FD7-8C28-B94700B3DF81}.Release|x86.ActiveCfg = Release|Any CPU
		{5A84B8A3-3AB8-4FD7-8C28-B94700B3DF81}.Release|x86.Build.0 = Release|Any CPU
		{36FB8333-8090-4507-91EA-D9981E35A3B6}.Debug|Any CPU.ActiveCfg = Debug|Any CPU
		{36FB8333-8090-4507-91EA-D9981E35A3B6}.Debug|Any CPU.Build.0 = Debug|Any CPU
		{36FB8333-8090-4507-91EA-D9981E35A3B6}.Debug|x64.ActiveCfg = Debug|Any CPU
		{36FB8333-8090-4507-91EA-D9981E35A3B6}.Debug|x64.Build.0 = Debug|Any CPU
		{36FB8333-8090-4507-91EA-D9981E35A3B6}.Debug|x86.ActiveCfg = Debug|Any CPU
		{36FB8333-8090-4507-91EA-D9981E35A3B6}.Debug|x86.Build.0 = Debug|Any CPU
		{36FB8333-8090-4507-91EA-D9981E35A3B6}.Release|Any CPU.ActiveCfg = Release|Any CPU
		{36FB8333-8090-4507-91EA-D9981E35A3B6}.Release|Any CPU.Build.0 = Release|Any CPU
		{36FB8333-8090-4507-91EA-D9981E35A3B6}.Release|x64.ActiveCfg = Release|Any CPU
		{36FB8333-8090-4507-91EA-D9981E35A3B6}.Release|x64.Build.0 = Release|Any CPU
		{36FB8333-8090-4507-91EA-D9981E35A3B6}.Release|x86.ActiveCfg = Release|Any CPU
		{36FB8333-8090-4507-91EA-D9981E35A3B6}.Release|x86.Build.0 = Release|Any CPU
	EndGlobalSection
EndGlobal
